
Microsoft Visual Studio Solution File, Format Version 12.00
# Visual Studio 15
VisualStudioVersion = 15.0.28010.2048
MinimumVisualStudioVersion = 10.0.40219.1
Project("{FAE04EC0-301F-11D3-BF4B-00C04F79EFBC}") = "TheGame", "TheGame\TheGame.csproj", "{736F35B7-1E77-4CE7-963F-82CBF9D771BE}"
EndProject
Global
	GlobalSection(SolutionConfigurationPlatforms) = preSolution
		Debug|Any CPU = Debug|Any CPU
		Release|Any CPU = Release|Any CPU
	EndGlobalSection
	GlobalSection(ProjectConfigurationPlatforms) = postSolution
		{736F35B7-1E77-4CE7-963F-82CBF9D771BE}.Debug|Any CPU.ActiveCfg = Debug|Any CPU
		{736F35B7-1E77-4CE7-963F-82CBF9D771BE}.Debug|Any CPU.Build.0 = Debug|Any CPU
		{736F35B7-1E77-4CE7-963F-82CBF9D771BE}.Release|Any CPU.ActiveCfg = Release|Any CPU
		{736F35B7-1E77-4CE7-963F-82CBF9D771BE}.Release|Any CPU.Build.0 = Release|Any CPU
	EndGlobalSection
	GlobalSection(SolutionProperties) = preSolution
		HideSolutionNode = FALSE
	EndGlobalSection
	GlobalSection(ExtensibilityGlobals) = postSolution
		SolutionGuid = {D8F89CE5-73F6-4473-9BB4-3F13B3DC1485}
	EndGlobalSection
EndGlobal
