
Microsoft Visual Studio Solution File, Format Version 12.00
# Visual Studio 15
VisualStudioVersion = 15.0.28010.2048
MinimumVisualStudioVersion = 10.0.40219.1
Project("{FAE04EC0-301F-11D3-BF4B-00C04F79EFBC}") = "TheGame", "TheGame\TheGame.csproj", "{736F35B7-1E77-4CE7-963F-82CBF9D771BE}"
EndProject
Project("{FAE04EC0-301F-11D3-BF4B-00C04F79EFBC}") = "TheGameUnitTest", "TheGameUnitTest\TheGameUnitTest.csproj", "{FAE7A462-7E13-470B-AB01-4101B1928DF1}"
EndProject
Project("{FAE04EC0-301F-11D3-BF4B-00C04F79EFBC}") = "CommunicationServer", "CommunicationServer\CommunicationServer.csproj", "{1262F2EC-61B7-41B0-8561-4DC9AF3A083C}"
EndProject
Project("{FAE04EC0-301F-11D3-BF4B-00C04F79EFBC}") = "ThePlayers", "ThePlayers\ThePlayers.csproj", "{519A450B-96DA-4D08-92CE-6AD2142D6891}"
EndProject
Project("{FAE04EC0-301F-11D3-BF4B-00C04F79EFBC}") = "UnitTestProject_ForExceptions", "UnitTestProject_ForExceptions\UnitTestProject_ForExceptions.csproj", "{05594899-5906-47A3-85F1-05EAAE723282}"
	ProjectSection(ProjectDependencies) = postProject
		{519A450B-96DA-4D08-92CE-6AD2142D6891} = {519A450B-96DA-4D08-92CE-6AD2142D6891}
	EndProjectSection
EndProject
Project("{9A19103F-16F7-4668-BE54-9A1E7A4F7556}") = "TheGame.IntegrationTests", "TheGame.IntegrationTests\TheGame.IntegrationTests.csproj", "{2B548D70-9D77-4E2C-8EF4-AE46D73139D7}"
EndProject
Global
	GlobalSection(SolutionConfigurationPlatforms) = preSolution
		Debug|Any CPU = Debug|Any CPU
		Release|Any CPU = Release|Any CPU
		x86|Any CPU = x86|Any CPU
	EndGlobalSection
	GlobalSection(ProjectConfigurationPlatforms) = postSolution
		{736F35B7-1E77-4CE7-963F-82CBF9D771BE}.Debug|Any CPU.ActiveCfg = Debug|Any CPU
		{736F35B7-1E77-4CE7-963F-82CBF9D771BE}.Debug|Any CPU.Build.0 = Debug|Any CPU
		{736F35B7-1E77-4CE7-963F-82CBF9D771BE}.Release|Any CPU.ActiveCfg = Release|Any CPU
		{736F35B7-1E77-4CE7-963F-82CBF9D771BE}.Release|Any CPU.Build.0 = Release|Any CPU
		{736F35B7-1E77-4CE7-963F-82CBF9D771BE}.x86|Any CPU.ActiveCfg = x86|Any CPU
		{736F35B7-1E77-4CE7-963F-82CBF9D771BE}.x86|Any CPU.Build.0 = x86|Any CPU
		{FAE7A462-7E13-470B-AB01-4101B1928DF1}.Debug|Any CPU.ActiveCfg = Debug|Any CPU
		{FAE7A462-7E13-470B-AB01-4101B1928DF1}.Debug|Any CPU.Build.0 = Debug|Any CPU
		{FAE7A462-7E13-470B-AB01-4101B1928DF1}.Release|Any CPU.ActiveCfg = Release|Any CPU
		{FAE7A462-7E13-470B-AB01-4101B1928DF1}.Release|Any CPU.Build.0 = Release|Any CPU
		{FAE7A462-7E13-470B-AB01-4101B1928DF1}.x86|Any CPU.ActiveCfg = x86|Any CPU
		{FAE7A462-7E13-470B-AB01-4101B1928DF1}.x86|Any CPU.Build.0 = x86|Any CPU
		{1262F2EC-61B7-41B0-8561-4DC9AF3A083C}.Debug|Any CPU.ActiveCfg = Debug|Any CPU
		{1262F2EC-61B7-41B0-8561-4DC9AF3A083C}.Debug|Any CPU.Build.0 = Debug|Any CPU
		{1262F2EC-61B7-41B0-8561-4DC9AF3A083C}.Release|Any CPU.ActiveCfg = Release|Any CPU
		{1262F2EC-61B7-41B0-8561-4DC9AF3A083C}.Release|Any CPU.Build.0 = Release|Any CPU
		{1262F2EC-61B7-41B0-8561-4DC9AF3A083C}.x86|Any CPU.ActiveCfg = x86|Any CPU
		{1262F2EC-61B7-41B0-8561-4DC9AF3A083C}.x86|Any CPU.Build.0 = x86|Any CPU
		{519A450B-96DA-4D08-92CE-6AD2142D6891}.Debug|Any CPU.ActiveCfg = Debug|Any CPU
		{519A450B-96DA-4D08-92CE-6AD2142D6891}.Debug|Any CPU.Build.0 = Debug|Any CPU
		{519A450B-96DA-4D08-92CE-6AD2142D6891}.Release|Any CPU.ActiveCfg = Release|Any CPU
		{519A450B-96DA-4D08-92CE-6AD2142D6891}.Release|Any CPU.Build.0 = Release|Any CPU
		{519A450B-96DA-4D08-92CE-6AD2142D6891}.x86|Any CPU.ActiveCfg = x86|Any CPU
		{519A450B-96DA-4D08-92CE-6AD2142D6891}.x86|Any CPU.Build.0 = x86|Any CPU
		{05594899-5906-47A3-85F1-05EAAE723282}.Debug|Any CPU.ActiveCfg = Debug|Any CPU
		{05594899-5906-47A3-85F1-05EAAE723282}.Debug|Any CPU.Build.0 = Debug|Any CPU
		{05594899-5906-47A3-85F1-05EAAE723282}.Release|Any CPU.ActiveCfg = Release|Any CPU
		{05594899-5906-47A3-85F1-05EAAE723282}.Release|Any CPU.Build.0 = Release|Any CPU
		{05594899-5906-47A3-85F1-05EAAE723282}.x86|Any CPU.ActiveCfg = x86|Any CPU
		{05594899-5906-47A3-85F1-05EAAE723282}.x86|Any CPU.Build.0 = x86|Any CPU
		{2B548D70-9D77-4E2C-8EF4-AE46D73139D7}.Debug|Any CPU.ActiveCfg = Debug|Any CPU
		{2B548D70-9D77-4E2C-8EF4-AE46D73139D7}.Debug|Any CPU.Build.0 = Debug|Any CPU
		{2B548D70-9D77-4E2C-8EF4-AE46D73139D7}.Release|Any CPU.ActiveCfg = Release|Any CPU
		{2B548D70-9D77-4E2C-8EF4-AE46D73139D7}.Release|Any CPU.Build.0 = Release|Any CPU
		{2B548D70-9D77-4E2C-8EF4-AE46D73139D7}.x86|Any CPU.ActiveCfg = x86|Any CPU
		{2B548D70-9D77-4E2C-8EF4-AE46D73139D7}.x86|Any CPU.Build.0 = x86|Any CPU
	EndGlobalSection
	GlobalSection(SolutionProperties) = preSolution
		HideSolutionNode = FALSE
	EndGlobalSection
	GlobalSection(ExtensibilityGlobals) = postSolution
		SolutionGuid = {D8F89CE5-73F6-4473-9BB4-3F13B3DC1485}
	EndGlobalSection
EndGlobal
